
Microsoft Visual Studio Solution File, Format Version 12.00
# Visual Studio Version 16
VisualStudioVersion = 16.0.29424.173
MinimumVisualStudioVersion = 10.0.40219.1
Project("{FAE04EC0-301F-11D3-BF4B-00C04F79EFBC}") = "WebAPIDemo", "WebAPIDemo\WebAPIDemo.csproj", "{DFF3CBC4-1159-440B-A582-62F0EC1BF346}"
EndProject
Global
	GlobalSection(SolutionConfigurationPlatforms) = preSolution
		Debug|Any CPU = Debug|Any CPU
		Release|Any CPU = Release|Any CPU
	EndGlobalSection
	GlobalSection(ProjectConfigurationPlatforms) = postSolution
		{DFF3CBC4-1159-440B-A582-62F0EC1BF346}.Debug|Any CPU.ActiveCfg = Debug|Any CPU
		{DFF3CBC4-1159-440B-A582-62F0EC1BF346}.Debug|Any CPU.Build.0 = Debug|Any CPU
		{DFF3CBC4-1159-440B-A582-62F0EC1BF346}.Release|Any CPU.ActiveCfg = Release|Any CPU
		{DFF3CBC4-1159-440B-A582-62F0EC1BF346}.Release|Any CPU.Build.0 = Release|Any CPU
	EndGlobalSection
	GlobalSection(SolutionProperties) = preSolution
		HideSolutionNode = FALSE
	EndGlobalSection
	GlobalSection(ExtensibilityGlobals) = postSolution
		SolutionGuid = {30DE4DB9-E307-47D2-A161-0AB282BC9C41}
	EndGlobalSection
EndGlobal
